// !$*UTF8*$!
{
	archiveVersion = 1;
	classes = {
	};
	objectVersion = 56;
	objects = {

/* Begin PBXBuildFile section */
		E0DE7FC62ACF62A100D9A85E /* AppDelegate.swift in Sources */ = {isa = PBXBuildFile; fileRef = E0DE7FC52ACF62A100D9A85E /* AppDelegate.swift */; };
		E0DE7FC82ACF62A100D9A85E /* SceneDelegate.swift in Sources */ = {isa = PBXBuildFile; fileRef = E0DE7FC72ACF62A100D9A85E /* SceneDelegate.swift */; };
		E0DE7FCA2ACF62A100D9A85E /* ViewController.swift in Sources */ = {isa = PBXBuildFile; fileRef = E0DE7FC92ACF62A100D9A85E /* ViewController.swift */; };
		E0DE7FCD2ACF62A100D9A85E /* Main.storyboard in Resources */ = {isa = PBXBuildFile; fileRef = E0DE7FCB2ACF62A100D9A85E /* Main.storyboard */; };
		E0DE7FCF2ACF62A300D9A85E /* Assets.xcassets in Resources */ = {isa = PBXBuildFile; fileRef = E0DE7FCE2ACF62A300D9A85E /* Assets.xcassets */; };
		E0DE7FD22ACF62A300D9A85E /* LaunchScreen.storyboard in Resources */ = {isa = PBXBuildFile; fileRef = E0DE7FD02ACF62A300D9A85E /* LaunchScreen.storyboard */; };
		E0DE7FDD2ACF62A400D9A85E /* MobileTaskTests.swift in Sources */ = {isa = PBXBuildFile; fileRef = E0DE7FDC2ACF62A400D9A85E /* MobileTaskTests.swift */; };
		E0DE7FE72ACF62A400D9A85E /* MobileTaskUITests.swift in Sources */ = {isa = PBXBuildFile; fileRef = E0DE7FE62ACF62A400D9A85E /* MobileTaskUITests.swift */; };
		E0DE7FE92ACF62A400D9A85E /* MobileTaskUITestsLaunchTests.swift in Sources */ = {isa = PBXBuildFile; fileRef = E0DE7FE82ACF62A400D9A85E /* MobileTaskUITestsLaunchTests.swift */; };
/* End PBXBuildFile section */

/* Begin PBXContainerItemProxy section */
		E0DE7FD92ACF62A400D9A85E /* PBXContainerItemProxy */ = {
			isa = PBXContainerItemProxy;
			containerPortal = E0DE7FBA2ACF62A100D9A85E /* Project object */;
			proxyType = 1;
			remoteGlobalIDString = E0DE7FC12ACF62A100D9A85E;
			remoteInfo = MobileTask;
		};
		E0DE7FE32ACF62A400D9A85E /* PBXContainerItemProxy */ = {
			isa = PBXContainerItemProxy;
			containerPortal = E0DE7FBA2ACF62A100D9A85E /* Project object */;
			proxyType = 1;
			remoteGlobalIDString = E0DE7FC12ACF62A100D9A85E;
			remoteInfo = MobileTask;
		};
/* End PBXContainerItemProxy section */

/* Begin PBXFileReference section */
		E0DE7FC22ACF62A100D9A85E /* MobileTask.app */ = {isa = PBXFileReference; explicitFileType = wrapper.application; includeInIndex = 0; path = MobileTask.app; sourceTree = BUILT_PRODUCTS_DIR; };
		E0DE7FC52ACF62A100D9A85E /* AppDelegate.swift */ = {isa = PBXFileReference; lastKnownFileType = sourcecode.swift; path = AppDelegate.swift; sourceTree = "<group>"; };
		E0DE7FC72ACF62A100D9A85E /* SceneDelegate.swift */ = {isa = PBXFileReference; lastKnownFileType = sourcecode.swift; path = SceneDelegate.swift; sourceTree = "<group>"; };
		E0DE7FC92ACF62A100D9A85E /* ViewController.swift */ = {isa = PBXFileReference; lastKnownFileType = sourcecode.swift; path = ViewController.swift; sourceTree = "<group>"; };
		E0DE7FCC2ACF62A100D9A85E /* Base */ = {isa = PBXFileReference; lastKnownFileType = file.storyboard; name = Base; path = Base.lproj/Main.storyboard; sourceTree = "<group>"; };
		E0DE7FCE2ACF62A300D9A85E /* Assets.xcassets */ = {isa = PBXFileReference; lastKnownFileType = folder.assetcatalog; path = Assets.xcassets; sourceTree = "<group>"; };
		E0DE7FD12ACF62A300D9A85E /* Base */ = {isa = PBXFileReference; lastKnownFileType = file.storyboard; name = Base; path = Base.lproj/LaunchScreen.storyboard; sourceTree = "<group>"; };
		E0DE7FD32ACF62A300D9A85E /* Info.plist */ = {isa = PBXFileReference; lastKnownFileType = text.plist.xml; path = Info.plist; sourceTree = "<group>"; };
		E0DE7FD82ACF62A400D9A85E /* MobileTaskTests.xctest */ = {isa = PBXFileReference; explicitFileType = wrapper.cfbundle; includeInIndex = 0; path = MobileTaskTests.xctest; sourceTree = BUILT_PRODUCTS_DIR; };
		E0DE7FDC2ACF62A400D9A85E /* MobileTaskTests.swift */ = {isa = PBXFileReference; lastKnownFileType = sourcecode.swift; path = MobileTaskTests.swift; sourceTree = "<group>"; };
		E0DE7FE22ACF62A400D9A85E /* MobileTaskUITests.xctest */ = {isa = PBXFileReference; explicitFileType = wrapper.cfbundle; includeInIndex = 0; path = MobileTaskUITests.xctest; sourceTree = BUILT_PRODUCTS_DIR; };
		E0DE7FE62ACF62A400D9A85E /* MobileTaskUITests.swift */ = {isa = PBXFileReference; lastKnownFileType = sourcecode.swift; path = MobileTaskUITests.swift; sourceTree = "<group>"; };
		E0DE7FE82ACF62A400D9A85E /* MobileTaskUITestsLaunchTests.swift */ = {isa = PBXFileReference; lastKnownFileType = sourcecode.swift; path = MobileTaskUITestsLaunchTests.swift; sourceTree = "<group>"; };
/* End PBXFileReference section */

/* Begin PBXFrameworksBuildPhase section */
		E0DE7FBF2ACF62A100D9A85E /* Frameworks */ = {
			isa = PBXFrameworksBuildPhase;
			buildActionMask = 2147483647;
			files = (
			);
			runOnlyForDeploymentPostprocessing = 0;
		};
		E0DE7FD52ACF62A400D9A85E /* Frameworks */ = {
			isa = PBXFrameworksBuildPhase;
			buildActionMask = 2147483647;
			files = (
			);
			runOnlyForDeploymentPostprocessing = 0;
		};
		E0DE7FDF2ACF62A400D9A85E /* Frameworks */ = {
			isa = PBXFrameworksBuildPhase;
			buildActionMask = 2147483647;
			files = (
			);
			runOnlyForDeploymentPostprocessing = 0;
		};
/* End PBXFrameworksBuildPhase section */

/* Begin PBXGroup section */
		E0DE7FB92ACF62A100D9A85E = {
			isa = PBXGroup;
			children = (
				E0DE7FC42ACF62A100D9A85E /* MobileTask */,
				E0DE7FDB2ACF62A400D9A85E /* MobileTaskTests */,
				E0DE7FE52ACF62A400D9A85E /* MobileTaskUITests */,
				E0DE7FC32ACF62A100D9A85E /* Products */,
			);
			sourceTree = "<group>";
		};
		E0DE7FC32ACF62A100D9A85E /* Products */ = {
			isa = PBXGroup;
			children = (
				E0DE7FC22ACF62A100D9A85E /* MobileTask.app */,
				E0DE7FD82ACF62A400D9A85E /* MobileTaskTests.xctest */,
				E0DE7FE22ACF62A400D9A85E /* MobileTaskUITests.xctest */,
			);
			name = Products;
			sourceTree = "<group>";
		};
		E0DE7FC42ACF62A100D9A85E /* MobileTask */ = {
			isa = PBXGroup;
			children = (
				E0DE7FC52ACF62A100D9A85E /* AppDelegate.swift */,
				E0DE7FC72ACF62A100D9A85E /* SceneDelegate.swift */,
				E0DE7FC92ACF62A100D9A85E /* ViewController.swift */,
				E0DE7FCB2ACF62A100D9A85E /* Main.storyboard */,
				E0DE7FCE2ACF62A300D9A85E /* Assets.xcassets */,
				E0DE7FD02ACF62A300D9A85E /* LaunchScreen.storyboard */,
				E0DE7FD32ACF62A300D9A85E /* Info.plist */,
			);
			path = MobileTask;
			sourceTree = "<group>";
		};
		E0DE7FDB2ACF62A400D9A85E /* MobileTaskTests */ = {
			isa = PBXGroup;
			children = (
				E0DE7FDC2ACF62A400D9A85E /* MobileTaskTests.swift */,
			);
			path = MobileTaskTests;
			sourceTree = "<group>";
		};
		E0DE7FE52ACF62A400D9A85E /* MobileTaskUITests */ = {
			isa = PBXGroup;
			children = (
				E0DE7FE62ACF62A400D9A85E /* MobileTaskUITests.swift */,
				E0DE7FE82ACF62A400D9A85E /* MobileTaskUITestsLaunchTests.swift */,
			);
			path = MobileTaskUITests;
			sourceTree = "<group>";
		};
/* End PBXGroup section */

/* Begin PBXNativeTarget section */
		E0DE7FC12ACF62A100D9A85E /* MobileTask */ = {
			isa = PBXNativeTarget;
			buildConfigurationList = E0DE7FEC2ACF62A400D9A85E /* Build configuration list for PBXNativeTarget "MobileTask" */;
			buildPhases = (
				E0DE7FBE2ACF62A100D9A85E /* Sources */,
				E0DE7FBF2ACF62A100D9A85E /* Frameworks */,
				E0DE7FC02ACF62A100D9A85E /* Resources */,
			);
			buildRules = (
			);
			dependencies = (
			);
			name = MobileTask;
			productName = MobileTask;
			productReference = E0DE7FC22ACF62A100D9A85E /* MobileTask.app */;
			productType = "com.apple.product-type.application";
		};
		E0DE7FD72ACF62A400D9A85E /* MobileTaskTests */ = {
			isa = PBXNativeTarget;
			buildConfigurationList = E0DE7FEF2ACF62A400D9A85E /* Build configuration list for PBXNativeTarget "MobileTaskTests" */;
			buildPhases = (
				E0DE7FD42ACF62A400D9A85E /* Sources */,
				E0DE7FD52ACF62A400D9A85E /* Frameworks */,
				E0DE7FD62ACF62A400D9A85E /* Resources */,
			);
			buildRules = (
			);
			dependencies = (
				E0DE7FDA2ACF62A400D9A85E /* PBXTargetDependency */,
			);
			name = MobileTaskTests;
			productName = MobileTaskTests;
			productReference = E0DE7FD82ACF62A400D9A85E /* MobileTaskTests.xctest */;
			productType = "com.apple.product-type.bundle.unit-test";
		};
		E0DE7FE12ACF62A400D9A85E /* MobileTaskUITests */ = {
			isa = PBXNativeTarget;
			buildConfigurationList = E0DE7FF22ACF62A400D9A85E /* Build configuration list for PBXNativeTarget "MobileTaskUITests" */;
			buildPhases = (
				E0DE7FDE2ACF62A400D9A85E /* Sources */,
				E0DE7FDF2ACF62A400D9A85E /* Frameworks */,
				E0DE7FE02ACF62A400D9A85E /* Resources */,
			);
			buildRules = (
			);
			dependencies = (
				E0DE7FE42ACF62A400D9A85E /* PBXTargetDependency */,
			);
			name = MobileTaskUITests;
			productName = MobileTaskUITests;
			productReference = E0DE7FE22ACF62A400D9A85E /* MobileTaskUITests.xctest */;
			productType = "com.apple.product-type.bundle.ui-testing";
		};
/* End PBXNativeTarget section */

/* Begin PBXProject section */
		E0DE7FBA2ACF62A100D9A85E /* Project object */ = {
			isa = PBXProject;
			attributes = {
				BuildIndependentTargetsInParallel = 1;
				LastSwiftUpdateCheck = 1430;
				LastUpgradeCheck = 1430;
				TargetAttributes = {
					E0DE7FC12ACF62A100D9A85E = {
						CreatedOnToolsVersion = 14.3;
					};
					E0DE7FD72ACF62A400D9A85E = {
						CreatedOnToolsVersion = 14.3;
						TestTargetID = E0DE7FC12ACF62A100D9A85E;
					};
					E0DE7FE12ACF62A400D9A85E = {
						CreatedOnToolsVersion = 14.3;
						TestTargetID = E0DE7FC12ACF62A100D9A85E;
					};
				};
			};
			buildConfigurationList = E0DE7FBD2ACF62A100D9A85E /* Build configuration list for PBXProject "MobileTask" */;
			compatibilityVersion = "Xcode 14.0";
			developmentRegion = en;
			hasScannedForEncodings = 0;
			knownRegions = (
				en,
				Base,
			);
			mainGroup = E0DE7FB92ACF62A100D9A85E;
			productRefGroup = E0DE7FC32ACF62A100D9A85E /* Products */;
			projectDirPath = "";
			projectRoot = "";
			targets = (
				E0DE7FC12ACF62A100D9A85E /* MobileTask */,
				E0DE7FD72ACF62A400D9A85E /* MobileTaskTests */,
				E0DE7FE12ACF62A400D9A85E /* MobileTaskUITests */,
			);
		};
/* End PBXProject section */

/* Begin PBXResourcesBuildPhase section */
		E0DE7FC02ACF62A100D9A85E /* Resources */ = {
			isa = PBXResourcesBuildPhase;
			buildActionMask = 2147483647;
			files = (
				E0DE7FD22ACF62A300D9A85E /* LaunchScreen.storyboard in Resources */,
				E0DE7FCF2ACF62A300D9A85E /* Assets.xcassets in Resources */,
				E0DE7FCD2ACF62A100D9A85E /* Main.storyboard in Resources */,
			);
			runOnlyForDeploymentPostprocessing = 0;
		};
		E0DE7FD62ACF62A400D9A85E /* Resources */ = {
			isa = PBXResourcesBuildPhase;
			buildActionMask = 2147483647;
			files = (
			);
			runOnlyForDeploymentPostprocessing = 0;
		};
		E0DE7FE02ACF62A400D9A85E /* Resources */ = {
			isa = PBXResourcesBuildPhase;
			buildActionMask = 2147483647;
			files = (
			);
			runOnlyForDeploymentPostprocessing = 0;
		};
/* End PBXResourcesBuildPhase section */

/* Begin PBXSourcesBuildPhase section */
		E0DE7FBE2ACF62A100D9A85E /* Sources */ = {
			isa = PBXSourcesBuildPhase;
			buildActionMask = 2147483647;
			files = (
				E0DE7FCA2ACF62A100D9A85E /* ViewController.swift in Sources */,
				E0DE7FC62ACF62A100D9A85E /* AppDelegate.swift in Sources */,
				E0DE7FC82ACF62A100D9A85E /* SceneDelegate.swift in Sources */,
			);
			runOnlyForDeploymentPostprocessing = 0;
		};
		E0DE7FD42ACF62A400D9A85E /* Sources */ = {
			isa = PBXSourcesBuildPhase;
			buildActionMask = 2147483647;
			files = (
				E0DE7FDD2ACF62A400D9A85E /* MobileTaskTests.swift in Sources */,
			);
			runOnlyForDeploymentPostprocessing = 0;
		};
		E0DE7FDE2ACF62A400D9A85E /* Sources */ = {
			isa = PBXSourcesBuildPhase;
			buildActionMask = 2147483647;
			files = (
				E0DE7FE72ACF62A400D9A85E /* MobileTaskUITests.swift in Sources */,
				E0DE7FE92ACF62A400D9A85E /* MobileTaskUITestsLaunchTests.swift in Sources */,
			);
			runOnlyForDeploymentPostprocessing = 0;
		};
/* End PBXSourcesBuildPhase section */

/* Begin PBXTargetDependency section */
		E0DE7FDA2ACF62A400D9A85E /* PBXTargetDependency */ = {
			isa = PBXTargetDependency;
			target = E0DE7FC12ACF62A100D9A85E /* MobileTask */;
			targetProxy = E0DE7FD92ACF62A400D9A85E /* PBXContainerItemProxy */;
		};
		E0DE7FE42ACF62A400D9A85E /* PBXTargetDependency */ = {
			isa = PBXTargetDependency;
			target = E0DE7FC12ACF62A100D9A85E /* MobileTask */;
			targetProxy = E0DE7FE32ACF62A400D9A85E /* PBXContainerItemProxy */;
		};
/* End PBXTargetDependency section */

/* Begin PBXVariantGroup section */
		E0DE7FCB2ACF62A100D9A85E /* Main.storyboard */ = {
			isa = PBXVariantGroup;
			children = (
				E0DE7FCC2ACF62A100D9A85E /* Base */,
			);
			name = Main.storyboard;
			sourceTree = "<group>";
		};
		E0DE7FD02ACF62A300D9A85E /* LaunchScreen.storyboard */ = {
			isa = PBXVariantGroup;
			children = (
				E0DE7FD12ACF62A300D9A85E /* Base */,
			);
			name = LaunchScreen.storyboard;
			sourceTree = "<group>";
		};
/* End PBXVariantGroup section */

/* Begin XCBuildConfiguration section */
		E0DE7FEA2ACF62A400D9A85E /* Debug */ = {
			isa = XCBuildConfiguration;
			buildSettings = {
				ALWAYS_SEARCH_USER_PATHS = NO;
				CLANG_ANALYZER_NONNULL = YES;
				CLANG_ANALYZER_NUMBER_OBJECT_CONVERSION = YES_AGGRESSIVE;
				CLANG_CXX_LANGUAGE_STANDARD = "gnu++20";
				CLANG_ENABLE_MODULES = YES;
				CLANG_ENABLE_OBJC_ARC = YES;
				CLANG_ENABLE_OBJC_WEAK = YES;
				CLANG_WARN_BLOCK_CAPTURE_AUTORELEASING = YES;
				CLANG_WARN_BOOL_CONVERSION = YES;
				CLANG_WARN_COMMA = YES;
				CLANG_WARN_CONSTANT_CONVERSION = YES;
				CLANG_WARN_DEPRECATED_OBJC_IMPLEMENTATIONS = YES;
				CLANG_WARN_DIRECT_OBJC_ISA_USAGE = YES_ERROR;
				CLANG_WARN_DOCUMENTATION_COMMENTS = YES;
				CLANG_WARN_EMPTY_BODY = YES;
				CLANG_WARN_ENUM_CONVERSION = YES;
				CLANG_WARN_INFINITE_RECURSION = YES;
				CLANG_WARN_INT_CONVERSION = YES;
				CLANG_WARN_NON_LITERAL_NULL_CONVERSION = YES;
				CLANG_WARN_OBJC_IMPLICIT_RETAIN_SELF = YES;
				CLANG_WARN_OBJC_LITERAL_CONVERSION = YES;
				CLANG_WARN_OBJC_ROOT_CLASS = YES_ERROR;
				CLANG_WARN_QUOTED_INCLUDE_IN_FRAMEWORK_HEADER = YES;
				CLANG_WARN_RANGE_LOOP_ANALYSIS = YES;
				CLANG_WARN_STRICT_PROTOTYPES = YES;
				CLANG_WARN_SUSPICIOUS_MOVE = YES;
				CLANG_WARN_UNGUARDED_AVAILABILITY = YES_AGGRESSIVE;
				CLANG_WARN_UNREACHABLE_CODE = YES;
				CLANG_WARN__DUPLICATE_METHOD_MATCH = YES;
				COPY_PHASE_STRIP = NO;
				DEBUG_INFORMATION_FORMAT = dwarf;
				ENABLE_STRICT_OBJC_MSGSEND = YES;
				ENABLE_TESTABILITY = YES;
				GCC_C_LANGUAGE_STANDARD = gnu11;
				GCC_DYNAMIC_NO_PIC = NO;
				GCC_NO_COMMON_BLOCKS = YES;
				GCC_OPTIMIZATION_LEVEL = 0;
				GCC_PREPROCESSOR_DEFINITIONS = (
					"DEBUG=1",
					"$(inherited)",
				);
				GCC_WARN_64_TO_32_BIT_CONVERSION = YES;
				GCC_WARN_ABOUT_RETURN_TYPE = YES_ERROR;
				GCC_WARN_UNDECLARED_SELECTOR = YES;
				GCC_WARN_UNINITIALIZED_AUTOS = YES_AGGRESSIVE;
				GCC_WARN_UNUSED_FUNCTION = YES;
				GCC_WARN_UNUSED_VARIABLE = YES;
				IPHONEOS_DEPLOYMENT_TARGET = 16.4;
				MTL_ENABLE_DEBUG_INFO = INCLUDE_SOURCE;
				MTL_FAST_MATH = YES;
				ONLY_ACTIVE_ARCH = YES;
				SDKROOT = iphoneos;
				SWIFT_ACTIVE_COMPILATION_CONDITIONS = DEBUG;
				SWIFT_OPTIMIZATION_LEVEL = "-Onone";
			};
			name = Debug;
		};
		E0DE7FEB2ACF62A400D9A85E /* Release */ = {
			isa = XCBuildConfiguration;
			buildSettings = {
				ALWAYS_SEARCH_USER_PATHS = NO;
				CLANG_ANALYZER_NONNULL = YES;
				CLANG_ANALYZER_NUMBER_OBJECT_CONVERSION = YES_AGGRESSIVE;
				CLANG_CXX_LANGUAGE_STANDARD = "gnu++20";
				CLANG_ENABLE_MODULES = YES;
				CLANG_ENABLE_OBJC_ARC = YES;
				CLANG_ENABLE_OBJC_WEAK = YES;
				CLANG_WARN_BLOCK_CAPTURE_AUTORELEASING = YES;
				CLANG_WARN_BOOL_CONVERSION = YES;
				CLANG_WARN_COMMA = YES;
				CLANG_WARN_CONSTANT_CONVERSION = YES;
				CLANG_WARN_DEPRECATED_OBJC_IMPLEMENTATIONS = YES;
				CLANG_WARN_DIRECT_OBJC_ISA_USAGE = YES_ERROR;
				CLANG_WARN_DOCUMENTATION_COMMENTS = YES;
				CLANG_WARN_EMPTY_BODY = YES;
				CLANG_WARN_ENUM_CONVERSION = YES;
				CLANG_WARN_INFINITE_RECURSION = YES;
				CLANG_WARN_INT_CONVERSION = YES;
				CLANG_WARN_NON_LITERAL_NULL_CONVERSION = YES;
				CLANG_WARN_OBJC_IMPLICIT_RETAIN_SELF = YES;
				CLANG_WARN_OBJC_LITERAL_CONVERSION = YES;
				CLANG_WARN_OBJC_ROOT_CLASS = YES_ERROR;
				CLANG_WARN_QUOTED_INCLUDE_IN_FRAMEWORK_HEADER = YES;
				CLANG_WARN_RANGE_LOOP_ANALYSIS = YES;
				CLANG_WARN_STRICT_PROTOTYPES = YES;
				CLANG_WARN_SUSPICIOUS_MOVE = YES;
				CLANG_WARN_UNGUARDED_AVAILABILITY = YES_AGGRESSIVE;
				CLANG_WARN_UNREACHABLE_CODE = YES;
				CLANG_WARN__DUPLICATE_METHOD_MATCH = YES;
				COPY_PHASE_STRIP = NO;
				DEBUG_INFORMATION_FORMAT = "dwarf-with-dsym";
				ENABLE_NS_ASSERTIONS = NO;
				ENABLE_STRICT_OBJC_MSGSEND = YES;
				GCC_C_LANGUAGE_STANDARD = gnu11;
				GCC_NO_COMMON_BLOCKS = YES;
				GCC_WARN_64_TO_32_BIT_CONVERSION = YES;
				GCC_WARN_ABOUT_RETURN_TYPE = YES_ERROR;
				GCC_WARN_UNDECLARED_SELECTOR = YES;
				GCC_WARN_UNINITIALIZED_AUTOS = YES_AGGRESSIVE;
				GCC_WARN_UNUSED_FUNCTION = YES;
				GCC_WARN_UNUSED_VARIABLE = YES;
				IPHONEOS_DEPLOYMENT_TARGET = 16.4;
				MTL_ENABLE_DEBUG_INFO = NO;
				MTL_FAST_MATH = YES;
				SDKROOT = iphoneos;
				SWIFT_COMPILATION_MODE = wholemodule;
				SWIFT_OPTIMIZATION_LEVEL = "-O";
				VALIDATE_PRODUCT = YES;
			};
			name = Release;
		};
		E0DE7FED2ACF62A400D9A85E /* Debug */ = {
			isa = XCBuildConfiguration;
			buildSettings = {
				ASSETCATALOG_COMPILER_APPICON_NAME = AppIcon;
				ASSETCATALOG_COMPILER_GLOBAL_ACCENT_COLOR_NAME = AccentColor;
				CODE_SIGN_STYLE = Automatic;
				CURRENT_PROJECT_VERSION = 1;
				DEVELOPMENT_TEAM = 67PL9J247R;
				GENERATE_INFOPLIST_FILE = YES;
				INFOPLIST_FILE = MobileTask/Info.plist;
				INFOPLIST_KEY_UIApplicationSupportsIndirectInputEvents = YES;
				INFOPLIST_KEY_UILaunchStoryboardName = LaunchScreen;
				INFOPLIST_KEY_UIMainStoryboardFile = Main;
				INFOPLIST_KEY_UISupportedInterfaceOrientations_iPad = "UIInterfaceOrientationPortrait UIInterfaceOrientationPortraitUpsideDown UIInterfaceOrientationLandscapeLeft UIInterfaceOrientationLandscapeRight";
				INFOPLIST_KEY_UISupportedInterfaceOrientations_iPhone = "UIInterfaceOrientationPortrait UIInterfaceOrientationLandscapeLeft UIInterfaceOrientationLandscapeRight";
				LD_RUNPATH_SEARCH_PATHS = (
					"$(inherited)",
					"@executable_path/Frameworks",
				);
				MARKETING_VERSION = 1.0;
				PRODUCT_BUNDLE_IDENTIFIER = ahmed.MobileTask;
				PRODUCT_NAME = "$(TARGET_NAME)";
				SWIFT_EMIT_LOC_STRINGS = YES;
				SWIFT_VERSION = 5.0;
				TARGETED_DEVICE_FAMILY = "1,2";
			};
			name = Debug;
		};
		E0DE7FEE2ACF62A400D9A85E /* Release */ = {
			isa = XCBuildConfiguration;
			buildSettings = {
				ASSETCATALOG_COMPILER_APPICON_NAME = AppIcon;
				ASSETCATALOG_COMPILER_GLOBAL_ACCENT_COLOR_NAME = AccentColor;
				CODE_SIGN_STYLE = Automatic;
				CURRENT_PROJECT_VERSION = 1;
				DEVELOPMENT_TEAM = 67PL9J247R;
				GENERATE_INFOPLIST_FILE = YES;
				INFOPLIST_FILE = MobileTask/Info.plist;
				INFOPLIST_KEY_UIApplicationSupportsIndirectInputEvents = YES;
				INFOPLIST_KEY_UILaunchStoryboardName = LaunchScreen;
				INFOPLIST_KEY_UIMainStoryboardFile = Main;
				INFOPLIST_KEY_UISupportedInterfaceOrientations_iPad = "UIInterfaceOrientationPortrait UIInterfaceOrientationPortraitUpsideDown UIInterfaceOrientationLandscapeLeft UIInterfaceOrientationLandscapeRight";
				INFOPLIST_KEY_UISupportedInterfaceOrientations_iPhone = "UIInterfaceOrientationPortrait UIInterfaceOrientationLandscapeLeft UIInterfaceOrientationLandscapeRight";
				LD_RUNPATH_SEARCH_PATHS = (
					"$(inherited)",
					"@executable_path/Frameworks",
				);
				MARKETING_VERSION = 1.0;
				PRODUCT_BUNDLE_IDENTIFIER = ahmed.MobileTask;
				PRODUCT_NAME = "$(TARGET_NAME)";
				SWIFT_EMIT_LOC_STRINGS = YES;
				SWIFT_VERSION = 5.0;
				TARGETED_DEVICE_FAMILY = "1,2";
			};
			name = Release;
		};
		E0DE7FF02ACF62A400D9A85E /* Debug */ = {
			isa = XCBuildConfiguration;
			buildSettings = {
				ALWAYS_EMBED_SWIFT_STANDARD_LIBRARIES = YES;
				BUNDLE_LOADER = "$(TEST_HOST)";
				CODE_SIGN_STYLE = Automatic;
				CURRENT_PROJECT_VERSION = 1;
				DEVELOPMENT_TEAM = 67PL9J247R;
				GENERATE_INFOPLIST_FILE = YES;
				IPHONEOS_DEPLOYMENT_TARGET = 16.4;
				MARKETING_VERSION = 1.0;
				PRODUCT_BUNDLE_IDENTIFIER = ahmed.MobileTaskTests;
				PRODUCT_NAME = "$(TARGET_NAME)";
				SWIFT_EMIT_LOC_STRINGS = NO;
				SWIFT_VERSION = 5.0;
				TARGETED_DEVICE_FAMILY = "1,2";
				TEST_HOST = "$(BUILT_PRODUCTS_DIR)/MobileTask.app/$(BUNDLE_EXECUTABLE_FOLDER_PATH)/MobileTask";
			};
			name = Debug;
		};
		E0DE7FF12ACF62A400D9A85E /* Release */ = {
			isa = XCBuildConfiguration;
			buildSettings = {
				ALWAYS_EMBED_SWIFT_STANDARD_LIBRARIES = YES;
				BUNDLE_LOADER = "$(TEST_HOST)";
				CODE_SIGN_STYLE = Automatic;
				CURRENT_PROJECT_VERSION = 1;
				DEVELOPMENT_TEAM = 67PL9J247R;
				GENERATE_INFOPLIST_FILE = YES;
				IPHONEOS_DEPLOYMENT_TARGET = 16.4;
				MARKETING_VERSION = 1.0;
				PRODUCT_BUNDLE_IDENTIFIER = ahmed.MobileTaskTests;
				PRODUCT_NAME = "$(TARGET_NAME)";
				SWIFT_EMIT_LOC_STRINGS = NO;
				SWIFT_VERSION = 5.0;
				TARGETED_DEVICE_FAMILY = "1,2";
				TEST_HOST = "$(BUILT_PRODUCTS_DIR)/MobileTask.app/$(BUNDLE_EXECUTABLE_FOLDER_PATH)/MobileTask";
			};
			name = Release;
		};
		E0DE7FF32ACF62A400D9A85E /* Debug */ = {
			isa = XCBuildConfiguration;
			buildSettings = {
				ALWAYS_EMBED_SWIFT_STANDARD_LIBRARIES = YES;
				CODE_SIGN_STYLE = Automatic;
				CURRENT_PROJECT_VERSION = 1;
				DEVELOPMENT_TEAM = 67PL9J247R;
				GENERATE_INFOPLIST_FILE = YES;
				MARKETING_VERSION = 1.0;
				PRODUCT_BUNDLE_IDENTIFIER = ahmed.MobileTaskUITests;
				PRODUCT_NAME = "$(TARGET_NAME)";
				SWIFT_EMIT_LOC_STRINGS = NO;
				SWIFT_VERSION = 5.0;
				TARGETED_DEVICE_FAMILY = "1,2";
				TEST_TARGET_NAME = MobileTask;
			};
			name = Debug;
		};
		E0DE7FF42ACF62A400D9A85E /* Release */ = {
			isa = XCBuildConfiguration;
			buildSettings = {
				ALWAYS_EMBED_SWIFT_STANDARD_LIBRARIES = YES;
				CODE_SIGN_STYLE = Automatic;
				CURRENT_PROJECT_VERSION = 1;
				DEVELOPMENT_TEAM = 67PL9J247R;
				GENERATE_INFOPLIST_FILE = YES;
				MARKETING_VERSION = 1.0;
				PRODUCT_BUNDLE_IDENTIFIER = ahmed.MobileTaskUITests;
				PRODUCT_NAME = "$(TARGET_NAME)";
				SWIFT_EMIT_LOC_STRINGS = NO;
				SWIFT_VERSION = 5.0;
				TARGETED_DEVICE_FAMILY = "1,2";
				TEST_TARGET_NAME = MobileTask;
			};
			name = Release;
		};
/* End XCBuildConfiguration section */

/* Begin XCConfigurationList section */
		E0DE7FBD2ACF62A100D9A85E /* Build configuration list for PBXProject "MobileTask" */ = {
			isa = XCConfigurationList;
			buildConfigurations = (
				E0DE7FEA2ACF62A400D9A85E /* Debug */,
				E0DE7FEB2ACF62A400D9A85E /* Release */,
			);
			defaultConfigurationIsVisible = 0;
			defaultConfigurationName = Release;
		};
		E0DE7FEC2ACF62A400D9A85E /* Build configuration list for PBXNativeTarget "MobileTask" */ = {
			isa = XCConfigurationList;
			buildConfigurations = (
				E0DE7FED2ACF62A400D9A85E /* Debug */,
				E0DE7FEE2ACF62A400D9A85E /* Release */,
			);
			defaultConfigurationIsVisible = 0;
			defaultConfigurationName = Release;
		};
		E0DE7FEF2ACF62A400D9A85E /* Build configuration list for PBXNativeTarget "MobileTaskTests" */ = {
			isa = XCConfigurationList;
			buildConfigurations = (
				E0DE7FF02ACF62A400D9A85E /* Debug */,
				E0DE7FF12ACF62A400D9A85E /* Release */,
			);
			defaultConfigurationIsVisible = 0;
			defaultConfigurationName = Release;
		};
		E0DE7FF22ACF62A400D9A85E /* Build configuration list for PBXNativeTarget "MobileTaskUITests" */ = {
			isa = XCConfigurationList;
			buildConfigurations = (
				E0DE7FF32ACF62A400D9A85E /* Debug */,
				E0DE7FF42ACF62A400D9A85E /* Release */,
			);
			defaultConfigurationIsVisible = 0;
			defaultConfigurationName = Release;
		};
/* End XCConfigurationList section */
	};
	rootObject = E0DE7FBA2ACF62A100D9A85E /* Project object */;
}
